{
  "name": "vibium_26",
  "version": "1.0.0",
  "lockfileVersion": 3,
  "requires": true,
  "packages": {
    "": {
      "name": "vibium_26",
      "version": "1.0.0",
      "license": "ISC",
      "dependencies": {
        "fs": "^0.0.1-security",
        "vibium": "^26.3.18",
        "vibium-monorepo": "github:VibiumDev/vibium#main"
      }
    },
    "node_modules/@vibium/darwin-arm64": {
      "version": "26.3.18",
      "resolved": "https://registry.npmjs.org/@vibium/darwin-arm64/-/darwin-arm64-26.3.18.tgz",
      "integrity": "sha512-eQLHeuWHFRqEMRqRBDuVgmG1YZf7PQTAjj4g6nPD0rkR2a2Cnh4mmuZ7vRMW6zqlfOP06aVabTGCIDRJfYTUSA==",
      "cpu": [
        "arm64"
      ],
      "license": "Apache-2.0",
      "optional": true,
      "os": [
        "darwin"
      ],
      "engines": {
        "node": ">=18"
      }
    },
    "node_modules/@vibium/darwin-x64": {
      "version": "26.3.18",
      "resolved": "https://registry.npmjs.org/@vibium/darwin-x64/-/darwin-x64-26.3.18.tgz",
      "integrity": "sha512-KEOwI7wEV07fWyrVKEekLcsKGAocoecTXwnw4Gh/FIrfcs/Mm5Nm1jEAOsJX1Z+zXyWOcfTm7atI21DjJtykIQ==",
      "cpu": [
        "x64"
      ],
      "license": "Apache-2.0",
      "optional": true,
      "os": [
        "darwin"
      ],
      "engines": {
        "node": ">=18"
      }
    },
    "node_modules/@vibium/linux-arm64": {
      "version": "26.3.18",
      "resolved": "https://registry.npmjs.org/@vibium/linux-arm64/-/linux-arm64-26.3.18.tgz",
      "integrity": "sha512-BtKm/fjjHTMhCvMO16/9CafjOY+l1+dv4Idmm8cPFDW00z62BQxo5KN/KBeYPMm/0Te1hR1Tqik+ffQkkP3aXg==",
      "cpu": [
        "arm64"
      ],
      "license": "Apache-2.0",
      "optional": true,
      "os": [
        "linux"
      ],
      "engines": {
        "node": ">=18"
      }
    },
    "node_modules/@vibium/linux-x64": {
      "version": "26.3.18",
      "resolved": "https://registry.npmjs.org/@vibium/linux-x64/-/linux-x64-26.3.18.tgz",
      "integrity": "sha512-Ns+h4kOXLm51hIbLQApj8J1qe0Q+O5etj8wWLwKItcp9BpYF/rNPh/YVAKVkIPDYBq67fDallIdxcoCEwQfjZA==",
      "cpu": [
        "x64"
      ],
      "license": "Apache-2.0",
      "optional": true,
      "os": [
        "linux"
      ],
      "engines": {
        "node": ">=18"
      }
    },
    "node_modules/@vibium/win32-x64": {
      "version": "26.3.18",
      "resolved": "https://registry.npmjs.org/@vibium/win32-x64/-/win32-x64-26.3.18.tgz",
      "integrity": "sha512-Burn6qoBoeTOEya1lIL961AzNqIo3zzDSRI0QH0BCI0HFBwGrfcMPvtl/zxSUev7PYLifQRImNCr5FksKm9PtQ==",
      "cpu": [
        "x64"
      ],
      "license": "Apache-2.0",
      "optional": true,
      "os": [
        "win32"
      ],
      "engines": {
        "node": ">=18"
      }
    },
    "node_modules/fs": {
      "version": "0.0.1-security",
      "resolved": "https://registry.npmjs.org/fs/-/fs-0.0.1-security.tgz",
      "integrity": "sha512-3XY9e1pP0CVEUCdj5BmfIZxRBTSDycnbqhIOGec9QYtmVH2fbLpj86CFWkrNOkt/Fvty4KZG5lTglL9j/gJ87w==",
      "license": "ISC"
    },
    "node_modules/vibium": {
      "version": "26.3.18",
      "resolved": "https://registry.npmjs.org/vibium/-/vibium-26.3.18.tgz",
      "integrity": "sha512-+Bg9Z8VZ7RzIv1PTULnl6j37ndpPYIMZe3rRL6XHNgLipr+4ux3E2UIZf4HdWH/4rudNjMdv6dh90p4CedHvyA==",
      "hasInstallScript": true,
      "license": "Apache-2.0",
      "dependencies": {
        "ws": "^8.18.3"
      },
      "bin": {
        "vibium": "bin/cli.js"
      },
      "engines": {
        "node": ">=18"
      },
      "optionalDependencies": {
        "@vibium/darwin-arm64": "26.3.18",
        "@vibium/darwin-x64": "26.3.18",
        "@vibium/linux-arm64": "26.3.18",
        "@vibium/linux-x64": "26.3.18",
        "@vibium/win32-x64": "26.3.18"
      }
    },
    "node_modules/vibium-monorepo": {
      "version": "26.3.18",
      "resolved": "git+ssh://git@github.com/VibiumDev/vibium.git#02a31eaf59ed3e92adb767667b7f0c124ac555a2",
      "workspaces": [
        "clients/javascript",
        "packages/vibium"
      ]
    },
    "node_modules/ws": {
      "version": "8.20.0",
      "resolved": "https://registry.npmjs.org/ws/-/ws-8.20.0.tgz",
      "integrity": "sha512-sAt8BhgNbzCtgGbt2OxmpuryO63ZoDk/sqaB/znQm94T4fCEsy/yV+7CdC1kJhOU9lboAEU7R3kquuycDoibVA==",
      "license": "MIT",
      "engines": {
        "node": ">=10.0.0"
      },
      "peerDependencies": {
        "bufferutil": "^4.0.1",
        "utf-8-validate": ">=5.0.2"
      },
      "peerDependenciesMeta": {
        "bufferutil": {
          "optional": true
        },
        "utf-8-validate": {
          "optional": true
        }
      }
    }
  }
}
